
Microsoft Visual Studio Solution File, Format Version 12.00
# Visual Studio Version 17
VisualStudioVersion = 17.13.35825.156
MinimumVisualStudioVersion = 10.0.40219.1
Project("{8BC9CEB8-8B4A-11D0-8D11-00A0C91BC942}") = "cfallsave", "cfallsave\cfallsave.vcxproj", "{226AA5B9-AD74-490B-AD98-2A4E53FF5D38}"
EndProject
Project("{8BC9CEB8-8B4A-11D0-8D11-00A0C91BC942}") = "cfallsave++", "cfallsave++\cfallsave++.vcxproj", "{0D4005C1-5709-429C-8BCF-095B402EC591}"
EndProject
Project("{8BC9CEB8-8B4A-11D0-8D11-00A0C91BC942}") = "cfallsave.dev", "cfallsave.dev\cfallsave.dev.vcxproj", "{C3B09F29-DDA2-4E0E-BC41-3E8D76F31738}"
EndProject
Project("{8BC9CEB8-8B4A-11D0-8D11-00A0C91BC942}") = "cfallsave++.dev", "cfallsave++.dev\cfallsave++.dev.vcxproj", "{33F3A571-35D4-4724-A5DB-E239E67810FE}"
EndProject
Project("{2150E333-8FDC-42A3-9474-1A3956D46DE8}") = "test", "test", "{6C83A596-D32D-B35F-00DD-F0C99B673980}"
EndProject
Project("{8BC9CEB8-8B4A-11D0-8D11-00A0C91BC942}") = "cfallsave.test", "test\cfallsave.test\cfallsave.test.vcxproj", "{CEF70C81-3150-46D2-973A-1B63A8CF8034}"
EndProject
Project("{8BC9CEB8-8B4A-11D0-8D11-00A0C91BC942}") = "cfallsave++.test", "test\cfallsave++.test\cfallsave++.test.vcxproj", "{8DD0E221-1C79-4572-9173-93A41F52C923}"
EndProject
Global
	GlobalSection(SolutionConfigurationPlatforms) = preSolution
		Debug|x64 = Debug|x64
		Debug|x86 = Debug|x86
		Release|x64 = Release|x64
		Release|x86 = Release|x86
	EndGlobalSection
	GlobalSection(ProjectConfigurationPlatforms) = postSolution
		{226AA5B9-AD74-490B-AD98-2A4E53FF5D38}.Debug|x64.ActiveCfg = Debug|x64
		{226AA5B9-AD74-490B-AD98-2A4E53FF5D38}.Debug|x64.Build.0 = Debug|x64
		{226AA5B9-AD74-490B-AD98-2A4E53FF5D38}.Debug|x86.ActiveCfg = Debug|Win32
		{226AA5B9-AD74-490B-AD98-2A4E53FF5D38}.Debug|x86.Build.0 = Debug|Win32
		{226AA5B9-AD74-490B-AD98-2A4E53FF5D38}.Release|x64.ActiveCfg = Release|x64
		{226AA5B9-AD74-490B-AD98-2A4E53FF5D38}.Release|x64.Build.0 = Release|x64
		{226AA5B9-AD74-490B-AD98-2A4E53FF5D38}.Release|x86.ActiveCfg = Release|Win32
		{226AA5B9-AD74-490B-AD98-2A4E53FF5D38}.Release|x86.Build.0 = Release|Win32
		{0D4005C1-5709-429C-8BCF-095B402EC591}.Debug|x64.ActiveCfg = Debug|x64
		{0D4005C1-5709-429C-8BCF-095B402EC591}.Debug|x64.Build.0 = Debug|x64
		{0D4005C1-5709-429C-8BCF-095B402EC591}.Debug|x86.ActiveCfg = Debug|Win32
		{0D4005C1-5709-429C-8BCF-095B402EC591}.Debug|x86.Build.0 = Debug|Win32
		{0D4005C1-5709-429C-8BCF-095B402EC591}.Release|x64.ActiveCfg = Release|x64
		{0D4005C1-5709-429C-8BCF-095B402EC591}.Release|x64.Build.0 = Release|x64
		{0D4005C1-5709-429C-8BCF-095B402EC591}.Release|x86.ActiveCfg = Release|Win32
		{0D4005C1-5709-429C-8BCF-095B402EC591}.Release|x86.Build.0 = Release|Win32
		{C3B09F29-DDA2-4E0E-BC41-3E8D76F31738}.Debug|x64.ActiveCfg = Debug|x64
		{C3B09F29-DDA2-4E0E-BC41-3E8D76F31738}.Debug|x64.Build.0 = Debug|x64
		{C3B09F29-DDA2-4E0E-BC41-3E8D76F31738}.Debug|x86.ActiveCfg = Debug|Win32
		{C3B09F29-DDA2-4E0E-BC41-3E8D76F31738}.Debug|x86.Build.0 = Debug|Win32
		{C3B09F29-DDA2-4E0E-BC41-3E8D76F31738}.Release|x64.ActiveCfg = Release|x64
		{C3B09F29-DDA2-4E0E-BC41-3E8D76F31738}.Release|x64.Build.0 = Release|x64
		{C3B09F29-DDA2-4E0E-BC41-3E8D76F31738}.Release|x86.ActiveCfg = Release|Win32
		{C3B09F29-DDA2-4E0E-BC41-3E8D76F31738}.Release|x86.Build.0 = Release|Win32
		{33F3A571-35D4-4724-A5DB-E239E67810FE}.Debug|x64.ActiveCfg = Debug|x64
		{33F3A571-35D4-4724-A5DB-E239E67810FE}.Debug|x64.Build.0 = Debug|x64
		{33F3A571-35D4-4724-A5DB-E239E67810FE}.Debug|x86.ActiveCfg = Debug|Win32
		{33F3A571-35D4-4724-A5DB-E239E67810FE}.Debug|x86.Build.0 = Debug|Win32
		{33F3A571-35D4-4724-A5DB-E239E67810FE}.Release|x64.ActiveCfg = Release|x64
		{33F3A571-35D4-4724-A5DB-E239E67810FE}.Release|x64.Build.0 = Release|x64
		{33F3A571-35D4-4724-A5DB-E239E67810FE}.Release|x86.ActiveCfg = Release|Win32
		{33F3A571-35D4-4724-A5DB-E239E67810FE}.Release|x86.Build.0 = Release|Win32
		{CEF70C81-3150-46D2-973A-1B63A8CF8034}.Debug|x64.ActiveCfg = Debug|x64
		{CEF70C81-3150-46D2-973A-1B63A8CF8034}.Debug|x64.Build.0 = Debug|x64
		{CEF70C81-3150-46D2-973A-1B63A8CF8034}.Debug|x86.ActiveCfg = Debug|Win32
		{CEF70C81-3150-46D2-973A-1B63A8CF8034}.Debug|x86.Build.0 = Debug|Win32
		{CEF70C81-3150-46D2-973A-1B63A8CF8034}.Release|x64.ActiveCfg = Release|x64
		{CEF70C81-3150-46D2-973A-1B63A8CF8034}.Release|x64.Build.0 = Release|x64
		{CEF70C81-3150-46D2-973A-1B63A8CF8034}.Release|x86.ActiveCfg = Release|Win32
		{CEF70C81-3150-46D2-973A-1B63A8CF8034}.Release|x86.Build.0 = Release|Win32
		{8DD0E221-1C79-4572-9173-93A41F52C923}.Debug|x64.ActiveCfg = Debug|x64
		{8DD0E221-1C79-4572-9173-93A41F52C923}.Debug|x64.Build.0 = Debug|x64
		{8DD0E221-1C79-4572-9173-93A41F52C923}.Debug|x86.ActiveCfg = Debug|Win32
		{8DD0E221-1C79-4572-9173-93A41F52C923}.Debug|x86.Build.0 = Debug|Win32
		{8DD0E221-1C79-4572-9173-93A41F52C923}.Release|x64.ActiveCfg = Release|x64
		{8DD0E221-1C79-4572-9173-93A41F52C923}.Release|x64.Build.0 = Release|x64
		{8DD0E221-1C79-4572-9173-93A41F52C923}.Release|x86.ActiveCfg = Release|Win32
		{8DD0E221-1C79-4572-9173-93A41F52C923}.Release|x86.Build.0 = Release|Win32
	EndGlobalSection
	GlobalSection(SolutionProperties) = preSolution
		HideSolutionNode = FALSE
	EndGlobalSection
	GlobalSection(NestedProjects) = preSolution
		{CEF70C81-3150-46D2-973A-1B63A8CF8034} = {6C83A596-D32D-B35F-00DD-F0C99B673980}
		{8DD0E221-1C79-4572-9173-93A41F52C923} = {6C83A596-D32D-B35F-00DD-F0C99B673980}
	EndGlobalSection
	GlobalSection(ExtensibilityGlobals) = postSolution
		SolutionGuid = {1C72D2CB-2184-4ECF-901A-9ABAB156FBEB}
	EndGlobalSection
EndGlobal
