<?xml version="1.0" encoding="utf-8"?>
<Project ToolsVersion="4.0" xmlns="http://schemas.microsoft.com/developer/msbuild/2003">
  <ItemGroup>
    <Filter Include="File di intestazione">
      <UniqueIdentifier>{93995380-89BD-4b04-88EB-625FBE52EBFB}</UniqueIdentifier>
      <Extensions>h;hh;hpp;hxx;h++;hm;inl;inc;ipp;xsd</Extensions>
    </Filter>
    <Filter Include="File di origine">
      <UniqueIdentifier>{4FC737F1-C7A5-4376-A066-2A32D752A2FF}</UniqueIdentifier>
      <Extensions>cpp;c;cc;cxx;c++;cppm;ixx;def;odl;idl;hpj;bat;asm;asmx</Extensions>
    </Filter>
    <Filter Include="File di risorse">
      <UniqueIdentifier>{67DA6AB6-F800-4c08-8B7A-83BB121AAD01}</UniqueIdentifier>
      <Extensions>rc;ico;cur;bmp;dlg;rc2;rct;bin;rgs;gif;jpg;jpeg;jpe;resx;tiff;tif;png;wav;mfcribbon-ms</Extensions>
    </Filter>
    <Filter Include="File di intestazione\CFallSave">
      <UniqueIdentifier>{573da1e1-27d6-41ce-9c6e-628c2e0eb0a0}</UniqueIdentifier>
    </Filter>
    <Filter Include="File di origine\CFallSave">
      <UniqueIdentifier>{354fae23-5f87-4d89-b368-77f46a928cb8}</UniqueIdentifier>
    </Filter>
  </ItemGroup>
  <ItemGroup>
    <ClInclude Include="..\..\src\cplusplus\cfallsave.hpp">
      <Filter>File di intestazione</Filter>
    </ClInclude>
    <ClInclude Include="..\..\src\cplusplus\export.hpp">
      <Filter>File di intestazione</Filter>
    </ClInclude>
    <ClInclude Include="..\..\src\cplusplus\fo1.hpp">
      <Filter>File di intestazione</Filter>
    </ClInclude>
    <ClInclude Include="..\..\src\cplusplus\fo2.hpp">
      <Filter>File di intestazione</Filter>
    </ClInclude>
    <ClInclude Include="..\..\src\cplusplus\fo3.hpp">
      <Filter>File di intestazione</Filter>
    </ClInclude>
    <ClInclude Include="..\..\src\cplusplus\fo4.hpp">
      <Filter>File di intestazione</Filter>
    </ClInclude>
    <ClInclude Include="..\..\src\cplusplus\fonv.hpp">
      <Filter>File di intestazione</Filter>
    </ClInclude>
    <ClInclude Include="..\..\src\cplusplus\fotbos.hpp">
      <Filter>File di intestazione</Filter>
    </ClInclude>
    <ClInclude Include="..\..\src\cplusplus\fox.hpp">
      <Filter>File di intestazione</Filter>
    </ClInclude>
    <ClInclude Include="..\..\src\cplusplus\header.hpp">
      <Filter>File di intestazione</Filter>
    </ClInclude>
    <ClInclude Include="..\..\src\cfallsave.h">
      <Filter>File di intestazione\CFallSave</Filter>
    </ClInclude>
    <ClInclude Include="..\..\src\export.h">
      <Filter>File di intestazione\CFallSave</Filter>
    </ClInclude>
    <ClInclude Include="..\..\src\fo1.h">
      <Filter>File di intestazione\CFallSave</Filter>
    </ClInclude>
    <ClInclude Include="..\..\src\fo2.h">
      <Filter>File di intestazione\CFallSave</Filter>
    </ClInclude>
    <ClInclude Include="..\..\src\fo3.h">
      <Filter>File di intestazione\CFallSave</Filter>
    </ClInclude>
    <ClInclude Include="..\..\src\fo4.h">
      <Filter>File di intestazione\CFallSave</Filter>
    </ClInclude>
    <ClInclude Include="..\..\src\fonv.h">
      <Filter>File di intestazione\CFallSave</Filter>
    </ClInclude>
    <ClInclude Include="..\..\src\fotbos.h">
      <Filter>File di intestazione\CFallSave</Filter>
    </ClInclude>
    <ClInclude Include="..\..\src\fox.h">
      <Filter>File di intestazione\CFallSave</Filter>
    </ClInclude>
    <ClInclude Include="..\..\src\header.h">
      <Filter>File di intestazione\CFallSave</Filter>
    </ClInclude>
    <ClInclude Include="..\..\src\reader.h">
      <Filter>File di intestazione\CFallSave</Filter>
    </ClInclude>
    <ClInclude Include="..\..\src\writer.h">
      <Filter>File di intestazione\CFallSave</Filter>
    </ClInclude>
  </ItemGroup>
  <ItemGroup>
    <ClCompile Include="..\..\src\cplusplus\fo1.cpp">
      <Filter>File di origine</Filter>
    </ClCompile>
    <ClCompile Include="..\..\src\cplusplus\fo2.cpp">
      <Filter>File di origine</Filter>
    </ClCompile>
    <ClCompile Include="..\..\src\cplusplus\fo3.cpp">
      <Filter>File di origine</Filter>
    </ClCompile>
    <ClCompile Include="..\..\src\cplusplus\fo4.cpp">
      <Filter>File di origine</Filter>
    </ClCompile>
    <ClCompile Include="..\..\src\cplusplus\fonv.cpp">
      <Filter>File di origine</Filter>
    </ClCompile>
    <ClCompile Include="..\..\src\cplusplus\fotbos.cpp">
      <Filter>File di origine</Filter>
    </ClCompile>
    <ClCompile Include="..\..\src\cplusplus\fox.cpp">
      <Filter>File di origine</Filter>
    </ClCompile>
    <ClCompile Include="..\..\src\cplusplus\main.cpp">
      <Filter>File di origine</Filter>
    </ClCompile>
    <ClCompile Include="..\..\src\fo1.c">
      <Filter>File di origine\CFallSave</Filter>
    </ClCompile>
    <ClCompile Include="..\..\src\fo2.c">
      <Filter>File di origine\CFallSave</Filter>
    </ClCompile>
    <ClCompile Include="..\..\src\fo3.c">
      <Filter>File di origine\CFallSave</Filter>
    </ClCompile>
    <ClCompile Include="..\..\src\fo4.c">
      <Filter>File di origine\CFallSave</Filter>
    </ClCompile>
    <ClCompile Include="..\..\src\fonv.c">
      <Filter>File di origine\CFallSave</Filter>
    </ClCompile>
    <ClCompile Include="..\..\src\fotbos.c">
      <Filter>File di origine\CFallSave</Filter>
    </ClCompile>
    <ClCompile Include="..\..\src\fox.c">
      <Filter>File di origine\CFallSave</Filter>
    </ClCompile>
    <ClCompile Include="..\..\src\main.c">
      <Filter>File di origine\CFallSave</Filter>
    </ClCompile>
    <ClCompile Include="..\..\src\reader.c">
      <Filter>File di origine\CFallSave</Filter>
    </ClCompile>
    <ClCompile Include="..\..\src\writer.c">
      <Filter>File di origine\CFallSave</Filter>
    </ClCompile>
  </ItemGroup>
</Project>